
Microsoft Visual Studio Solution File, Format Version 12.00
# Visual Studio Version 16
VisualStudioVersion = 16.0.29905.134
MinimumVisualStudioVersion = 10.0.40219.1
Project("{FAE04EC0-301F-11D3-BF4B-00C04F79EFBC}") = "Microsoft.AspNetCore.Identity.zh-Hans", "Microsoft.AspNetCore.Identity.zh-Hans.csproj", "{B369F7B3-D2AA-43E8-AA37-7A8882BF7665}"
EndProject
Global
	GlobalSection(SolutionConfigurationPlatforms) = preSolution
		Debug|Any CPU = Debug|Any CPU
		Release|Any CPU = Release|Any CPU
	EndGlobalSection
	GlobalSection(ProjectConfigurationPlatforms) = postSolution
		{B369F7B3-D2AA-43E8-AA37-7A8882BF7665}.Debug|Any CPU.ActiveCfg = Debug|Any CPU
		{B369F7B3-D2AA-43E8-AA37-7A8882BF7665}.Debug|Any CPU.Build.0 = Debug|Any CPU
		{B369F7B3-D2AA-43E8-AA37-7A8882BF7665}.Release|Any CPU.ActiveCfg = Release|Any CPU
		{B369F7B3-D2AA-43E8-AA37-7A8882BF7665}.Release|Any CPU.Build.0 = Release|Any CPU
	EndGlobalSection
	GlobalSection(SolutionProperties) = preSolution
		HideSolutionNode = FALSE
	EndGlobalSection
	GlobalSection(ExtensibilityGlobals) = postSolution
		SolutionGuid = {C8006E00-9889-4E16-A3FB-33BD2E41BD03}
	EndGlobalSection
EndGlobal
